
Microsoft Visual Studio Solution File, Format Version 12.00
# Visual Studio 15
VisualStudioVersion = 15.0.27703.2035
MinimumVisualStudioVersion = 10.0.40219.1
Project("{FAE04EC0-301F-11D3-BF4B-00C04F79EFBC}") = "WebArchitecture", "WebArchitecture\WebArchitecture.csproj", "{BB4A9829-B9A0-455C-966A-E16CE7240359}"
EndProject
Project("{FAE04EC0-301F-11D3-BF4B-00C04F79EFBC}") = "Core", "Core\Core.csproj", "{75AC6EDD-8CAC-43C7-998C-3062C4D68C7F}"
EndProject
Project("{FAE04EC0-301F-11D3-BF4B-00C04F79EFBC}") = "DAL", "DAL\DAL.csproj", "{ED0B16F6-034E-4D37-B75F-4A5BDDEE10B3}"
EndProject
Project("{FAE04EC0-301F-11D3-BF4B-00C04F79EFBC}") = "WebArchitecture.DAL.Tests", "WebArchitecture.DAL.Tests\WebArchitecture.DAL.Tests.csproj", "{17EA761F-50BC-4BF8-BFCC-34ABBC8BACCE}"
EndProject
Global
	GlobalSection(SolutionConfigurationPlatforms) = preSolution
		Debug|Any CPU = Debug|Any CPU
		Release|Any CPU = Release|Any CPU
	EndGlobalSection
	GlobalSection(ProjectConfigurationPlatforms) = postSolution
		{BB4A9829-B9A0-455C-966A-E16CE7240359}.Debug|Any CPU.ActiveCfg = Debug|Any CPU
		{BB4A9829-B9A0-455C-966A-E16CE7240359}.Debug|Any CPU.Build.0 = Debug|Any CPU
		{BB4A9829-B9A0-455C-966A-E16CE7240359}.Release|Any CPU.ActiveCfg = Release|Any CPU
		{BB4A9829-B9A0-455C-966A-E16CE7240359}.Release|Any CPU.Build.0 = Release|Any CPU
		{75AC6EDD-8CAC-43C7-998C-3062C4D68C7F}.Debug|Any CPU.ActiveCfg = Debug|Any CPU
		{75AC6EDD-8CAC-43C7-998C-3062C4D68C7F}.Debug|Any CPU.Build.0 = Debug|Any CPU
		{75AC6EDD-8CAC-43C7-998C-3062C4D68C7F}.Release|Any CPU.ActiveCfg = Release|Any CPU
		{75AC6EDD-8CAC-43C7-998C-3062C4D68C7F}.Release|Any CPU.Build.0 = Release|Any CPU
		{ED0B16F6-034E-4D37-B75F-4A5BDDEE10B3}.Debug|Any CPU.ActiveCfg = Debug|Any CPU
		{ED0B16F6-034E-4D37-B75F-4A5BDDEE10B3}.Debug|Any CPU.Build.0 = Debug|Any CPU
		{ED0B16F6-034E-4D37-B75F-4A5BDDEE10B3}.Release|Any CPU.ActiveCfg = Release|Any CPU
		{ED0B16F6-034E-4D37-B75F-4A5BDDEE10B3}.Release|Any CPU.Build.0 = Release|Any CPU
		{17EA761F-50BC-4BF8-BFCC-34ABBC8BACCE}.Debug|Any CPU.ActiveCfg = Debug|Any CPU
		{17EA761F-50BC-4BF8-BFCC-34ABBC8BACCE}.Debug|Any CPU.Build.0 = Debug|Any CPU
		{17EA761F-50BC-4BF8-BFCC-34ABBC8BACCE}.Release|Any CPU.ActiveCfg = Release|Any CPU
		{17EA761F-50BC-4BF8-BFCC-34ABBC8BACCE}.Release|Any CPU.Build.0 = Release|Any CPU
	EndGlobalSection
	GlobalSection(SolutionProperties) = preSolution
		HideSolutionNode = FALSE
	EndGlobalSection
	GlobalSection(ExtensibilityGlobals) = postSolution
		SolutionGuid = {FBD4218B-28E5-4356-AD72-58EF0D3734EB}
	EndGlobalSection
EndGlobal
